
Microsoft Visual Studio Solution File, Format Version 12.00
# Visual Studio Version 16
VisualStudioVersion = 16.0.29503.13
MinimumVisualStudioVersion = 10.0.40219.1
Project("{FAE04EC0-301F-11D3-BF4B-00C04F79EFBC}") = "CSharp Class 2", "CSharp Class 2\CSharp Class 2.csproj", "{5645C512-88F3-4FE5-A5E7-F01452943521}"
EndProject
Global
	GlobalSection(SolutionConfigurationPlatforms) = preSolution
		Debug|Any CPU = Debug|Any CPU
		Release|Any CPU = Release|Any CPU
	EndGlobalSection
	GlobalSection(ProjectConfigurationPlatforms) = postSolution
		{5645C512-88F3-4FE5-A5E7-F01452943521}.Debug|Any CPU.ActiveCfg = Debug|Any CPU
		{5645C512-88F3-4FE5-A5E7-F01452943521}.Debug|Any CPU.Build.0 = Debug|Any CPU
		{5645C512-88F3-4FE5-A5E7-F01452943521}.Release|Any CPU.ActiveCfg = Release|Any CPU
		{5645C512-88F3-4FE5-A5E7-F01452943521}.Release|Any CPU.Build.0 = Release|Any CPU
	EndGlobalSection
	GlobalSection(SolutionProperties) = preSolution
		HideSolutionNode = FALSE
	EndGlobalSection
	GlobalSection(ExtensibilityGlobals) = postSolution
		SolutionGuid = {87B905E1-D011-4A69-B155-07F3B946A9F5}
	EndGlobalSection
EndGlobal
